
Microsoft Visual Studio Solution File, Format Version 12.00
# Visual Studio 15
VisualStudioVersion = 15.0.28307.1231
MinimumVisualStudioVersion = 10.0.40219.1
Project("{888888A0-9F3D-457C-B088-3A5042F75D52}") = "PyCore", "PyCore\PyCore.pyproj", "{3E462817-F54E-4B0B-BF33-D703E6855848}"
EndProject
Global
	GlobalSection(SolutionConfigurationPlatforms) = preSolution
		Debug|Any CPU = Debug|Any CPU
		Release|Any CPU = Release|Any CPU
	EndGlobalSection
	GlobalSection(ProjectConfigurationPlatforms) = postSolution
		{3E462817-F54E-4B0B-BF33-D703E6855848}.Debug|Any CPU.ActiveCfg = Debug|Any CPU
		{3E462817-F54E-4B0B-BF33-D703E6855848}.Release|Any CPU.ActiveCfg = Release|Any CPU
	EndGlobalSection
	GlobalSection(SolutionProperties) = preSolution
		HideSolutionNode = FALSE
	EndGlobalSection
	GlobalSection(ExtensibilityGlobals) = postSolution
		SolutionGuid = {155D2BA4-4CCD-4F83-A01B-09F8DF8FE878}
	EndGlobalSection
EndGlobal
